
Microsoft Visual Studio Solution File, Format Version 12.00
# Visual Studio 15
VisualStudioVersion = 15.0.28010.2048
MinimumVisualStudioVersion = 10.0.40219.1
Project("{FAE04EC0-301F-11D3-BF4B-00C04F79EFBC}") = "PizzaOtomasyonu", "PizzaOtomasyonu\PizzaOtomasyonu.csproj", "{7FEDD1A3-6401-4B55-9928-B44DA7EDA0CF}"
EndProject
Global
	GlobalSection(SolutionConfigurationPlatforms) = preSolution
		Debug|Any CPU = Debug|Any CPU
		Release|Any CPU = Release|Any CPU
	EndGlobalSection
	GlobalSection(ProjectConfigurationPlatforms) = postSolution
		{7FEDD1A3-6401-4B55-9928-B44DA7EDA0CF}.Debug|Any CPU.ActiveCfg = Debug|Any CPU
		{7FEDD1A3-6401-4B55-9928-B44DA7EDA0CF}.Debug|Any CPU.Build.0 = Debug|Any CPU
		{7FEDD1A3-6401-4B55-9928-B44DA7EDA0CF}.Release|Any CPU.ActiveCfg = Release|Any CPU
		{7FEDD1A3-6401-4B55-9928-B44DA7EDA0CF}.Release|Any CPU.Build.0 = Release|Any CPU
	EndGlobalSection
	GlobalSection(SolutionProperties) = preSolution
		HideSolutionNode = FALSE
	EndGlobalSection
	GlobalSection(ExtensibilityGlobals) = postSolution
		SolutionGuid = {DCC80B6E-033A-4365-ADD5-114CA3110C5F}
	EndGlobalSection
EndGlobal
